
Microsoft Visual Studio Solution File, Format Version 12.00
# Visual Studio Version 16
VisualStudioVersion = 16.0.31410.357
MinimumVisualStudioVersion = 10.0.40219.1
Project("{FAE04EC0-301F-11D3-BF4B-00C04F79EFBC}") = "TrueOrFalse", "TrueOrFalse\TrueOrFalse.csproj", "{B9D2C70A-0EA4-40B9-B0EB-EEAB92020820}"
EndProject
Global
	GlobalSection(SolutionConfigurationPlatforms) = preSolution
		Debug|Any CPU = Debug|Any CPU
		Release|Any CPU = Release|Any CPU
	EndGlobalSection
	GlobalSection(ProjectConfigurationPlatforms) = postSolution
		{B9D2C70A-0EA4-40B9-B0EB-EEAB92020820}.Debug|Any CPU.ActiveCfg = Debug|Any CPU
		{B9D2C70A-0EA4-40B9-B0EB-EEAB92020820}.Debug|Any CPU.Build.0 = Debug|Any CPU
		{B9D2C70A-0EA4-40B9-B0EB-EEAB92020820}.Release|Any CPU.ActiveCfg = Release|Any CPU
		{B9D2C70A-0EA4-40B9-B0EB-EEAB92020820}.Release|Any CPU.Build.0 = Release|Any CPU
	EndGlobalSection
	GlobalSection(SolutionProperties) = preSolution
		HideSolutionNode = FALSE
	EndGlobalSection
	GlobalSection(ExtensibilityGlobals) = postSolution
		SolutionGuid = {706B5258-992C-4983-872B-25B41CA014B3}
	EndGlobalSection
EndGlobal
